
Microsoft Visual Studio Solution File, Format Version 12.00
Project("{FAE04EC0-301F-11D3-BF4B-00C04F79EFBC}") = "Airport Ticket Booking", "Airport Ticket Booking\Airport Ticket Booking.csproj", "{9CBEA648-E3FE-45C2-BB3A-88F3DA0CA9D5}"
EndProject
Project("{FAE04EC0-301F-11D3-BF4B-00C04F79EFBC}") = "Airport Ticket Booking.Test", "Airport Ticket Booking.Test\Airport Ticket Booking.Test.csproj", "{5CFD3FF6-B220-481C-A3C5-4268BD92299F}"
EndProject
Global
	GlobalSection(SolutionConfigurationPlatforms) = preSolution
		Debug|Any CPU = Debug|Any CPU
		Release|Any CPU = Release|Any CPU
	EndGlobalSection
	GlobalSection(ProjectConfigurationPlatforms) = postSolution
		{9CBEA648-E3FE-45C2-BB3A-88F3DA0CA9D5}.Debug|Any CPU.ActiveCfg = Debug|Any CPU
		{9CBEA648-E3FE-45C2-BB3A-88F3DA0CA9D5}.Debug|Any CPU.Build.0 = Debug|Any CPU
		{9CBEA648-E3FE-45C2-BB3A-88F3DA0CA9D5}.Release|Any CPU.ActiveCfg = Release|Any CPU
		{9CBEA648-E3FE-45C2-BB3A-88F3DA0CA9D5}.Release|Any CPU.Build.0 = Release|Any CPU
		{5CFD3FF6-B220-481C-A3C5-4268BD92299F}.Debug|Any CPU.ActiveCfg = Debug|Any CPU
		{5CFD3FF6-B220-481C-A3C5-4268BD92299F}.Debug|Any CPU.Build.0 = Debug|Any CPU
		{5CFD3FF6-B220-481C-A3C5-4268BD92299F}.Release|Any CPU.ActiveCfg = Release|Any CPU
		{5CFD3FF6-B220-481C-A3C5-4268BD92299F}.Release|Any CPU.Build.0 = Release|Any CPU
	EndGlobalSection
EndGlobal
